
Microsoft Visual Studio Solution File, Format Version 12.00
# Visual Studio 14
VisualStudioVersion = 14.0.25420.1
MinimumVisualStudioVersion = 10.0.40219.1
Project("{FAE04EC0-301F-11D3-BF4B-00C04F79EFBC}") = "Locations.Models", "Locations.Models\Locations.Models.csproj", "{59EA45F8-6939-42A2-BA1D-F6EF183D4244}"
EndProject
Project("{FAE04EC0-301F-11D3-BF4B-00C04F79EFBC}") = "Locations.Data", "Locations.Data\Locations.Data.csproj", "{576A794D-A2C4-4A9F-82DA-609EFCDAA66C}"
EndProject
Project("{FAE04EC0-301F-11D3-BF4B-00C04F79EFBC}") = "Locations.Services", "Locations.Services\Locations.Services.csproj", "{2CD07E6F-F831-49C4-8609-BB12564B0EE6}"
EndProject
Project("{FAE04EC0-301F-11D3-BF4B-00C04F79EFBC}") = "Locations.IdentityServer", "Locations.IdentityServer\Locations.IdentityServer.csproj", "{2692E1E6-D3FD-423E-B85C-185E90F70AC6}"
EndProject
Global
	GlobalSection(SolutionConfigurationPlatforms) = preSolution
		Debug|Any CPU = Debug|Any CPU
		Release|Any CPU = Release|Any CPU
	EndGlobalSection
	GlobalSection(ProjectConfigurationPlatforms) = postSolution
		{59EA45F8-6939-42A2-BA1D-F6EF183D4244}.Debug|Any CPU.ActiveCfg = Debug|Any CPU
		{59EA45F8-6939-42A2-BA1D-F6EF183D4244}.Debug|Any CPU.Build.0 = Debug|Any CPU
		{59EA45F8-6939-42A2-BA1D-F6EF183D4244}.Release|Any CPU.ActiveCfg = Release|Any CPU
		{59EA45F8-6939-42A2-BA1D-F6EF183D4244}.Release|Any CPU.Build.0 = Release|Any CPU
		{576A794D-A2C4-4A9F-82DA-609EFCDAA66C}.Debug|Any CPU.ActiveCfg = Debug|Any CPU
		{576A794D-A2C4-4A9F-82DA-609EFCDAA66C}.Debug|Any CPU.Build.0 = Debug|Any CPU
		{576A794D-A2C4-4A9F-82DA-609EFCDAA66C}.Release|Any CPU.ActiveCfg = Release|Any CPU
		{576A794D-A2C4-4A9F-82DA-609EFCDAA66C}.Release|Any CPU.Build.0 = Release|Any CPU
		{2CD07E6F-F831-49C4-8609-BB12564B0EE6}.Debug|Any CPU.ActiveCfg = Debug|Any CPU
		{2CD07E6F-F831-49C4-8609-BB12564B0EE6}.Debug|Any CPU.Build.0 = Debug|Any CPU
		{2CD07E6F-F831-49C4-8609-BB12564B0EE6}.Release|Any CPU.ActiveCfg = Release|Any CPU
		{2CD07E6F-F831-49C4-8609-BB12564B0EE6}.Release|Any CPU.Build.0 = Release|Any CPU
		{2692E1E6-D3FD-423E-B85C-185E90F70AC6}.Debug|Any CPU.ActiveCfg = Debug|Any CPU
		{2692E1E6-D3FD-423E-B85C-185E90F70AC6}.Debug|Any CPU.Build.0 = Debug|Any CPU
		{2692E1E6-D3FD-423E-B85C-185E90F70AC6}.Release|Any CPU.ActiveCfg = Release|Any CPU
		{2692E1E6-D3FD-423E-B85C-185E90F70AC6}.Release|Any CPU.Build.0 = Release|Any CPU
	EndGlobalSection
	GlobalSection(SolutionProperties) = preSolution
		HideSolutionNode = FALSE
	EndGlobalSection
EndGlobal
